
Microsoft Visual Studio Solution File, Format Version 12.00
# Visual Studio Version 16
VisualStudioVersion = 16.0.31702.278
MinimumVisualStudioVersion = 10.0.40219.1
Project("{9A19103F-16F7-4668-BE54-9A1E7A4F7556}") = "SamplePrj_CSharp", "SamplePrj_CSharp.csproj", "{4DBB64F7-A22A-4730-AA6B-09420FE87C8A}"
EndProject
Project("{9A19103F-16F7-4668-BE54-9A1E7A4F7556}") = "WinFormsApp", "..\WindowsForm\WinFormsApp\WinFormsApp.csproj", "{40DC2661-ECB4-4F1D-B23A-F7281CA60D2B}"
EndProject
Project("{FAE04EC0-301F-11D3-BF4B-00C04F79EFBC}") = "WebForms", "..\WebForms\WebForms.csproj", "{47BA5307-A050-4553-8A18-7D91FB892BA3}"
EndProject
Project("{9A19103F-16F7-4668-BE54-9A1E7A4F7556}") = "MultiThreadingExample", "..\MultiThreadingExample\MultiThreadingExample.csproj", "{5337B52D-75F0-409C-99B0-19F08513547E}"
EndProject
Project("{FAE04EC0-301F-11D3-BF4B-00C04F79EFBC}") = "AsyncAndAWait", "..\AsynAndAWait\AsyncAndAWait.csproj", "{9156877C-7A07-45CC-9A6C-15F491EB91EA}"
EndProject
Global
	GlobalSection(SolutionConfigurationPlatforms) = preSolution
		Debug|Any CPU = Debug|Any CPU
		Release|Any CPU = Release|Any CPU
	EndGlobalSection
	GlobalSection(ProjectConfigurationPlatforms) = postSolution
		{4DBB64F7-A22A-4730-AA6B-09420FE87C8A}.Debug|Any CPU.ActiveCfg = Debug|Any CPU
		{4DBB64F7-A22A-4730-AA6B-09420FE87C8A}.Debug|Any CPU.Build.0 = Debug|Any CPU
		{4DBB64F7-A22A-4730-AA6B-09420FE87C8A}.Release|Any CPU.ActiveCfg = Release|Any CPU
		{4DBB64F7-A22A-4730-AA6B-09420FE87C8A}.Release|Any CPU.Build.0 = Release|Any CPU
		{40DC2661-ECB4-4F1D-B23A-F7281CA60D2B}.Debug|Any CPU.ActiveCfg = Debug|Any CPU
		{40DC2661-ECB4-4F1D-B23A-F7281CA60D2B}.Debug|Any CPU.Build.0 = Debug|Any CPU
		{40DC2661-ECB4-4F1D-B23A-F7281CA60D2B}.Release|Any CPU.ActiveCfg = Release|Any CPU
		{40DC2661-ECB4-4F1D-B23A-F7281CA60D2B}.Release|Any CPU.Build.0 = Release|Any CPU
		{47BA5307-A050-4553-8A18-7D91FB892BA3}.Debug|Any CPU.ActiveCfg = Debug|Any CPU
		{47BA5307-A050-4553-8A18-7D91FB892BA3}.Debug|Any CPU.Build.0 = Debug|Any CPU
		{47BA5307-A050-4553-8A18-7D91FB892BA3}.Release|Any CPU.ActiveCfg = Release|Any CPU
		{47BA5307-A050-4553-8A18-7D91FB892BA3}.Release|Any CPU.Build.0 = Release|Any CPU
		{5337B52D-75F0-409C-99B0-19F08513547E}.Debug|Any CPU.ActiveCfg = Debug|Any CPU
		{5337B52D-75F0-409C-99B0-19F08513547E}.Debug|Any CPU.Build.0 = Debug|Any CPU
		{5337B52D-75F0-409C-99B0-19F08513547E}.Release|Any CPU.ActiveCfg = Release|Any CPU
		{5337B52D-75F0-409C-99B0-19F08513547E}.Release|Any CPU.Build.0 = Release|Any CPU
		{9156877C-7A07-45CC-9A6C-15F491EB91EA}.Debug|Any CPU.ActiveCfg = Debug|Any CPU
		{9156877C-7A07-45CC-9A6C-15F491EB91EA}.Debug|Any CPU.Build.0 = Debug|Any CPU
		{9156877C-7A07-45CC-9A6C-15F491EB91EA}.Release|Any CPU.ActiveCfg = Release|Any CPU
		{9156877C-7A07-45CC-9A6C-15F491EB91EA}.Release|Any CPU.Build.0 = Release|Any CPU
	EndGlobalSection
	GlobalSection(SolutionProperties) = preSolution
		HideSolutionNode = FALSE
	EndGlobalSection
	GlobalSection(ExtensibilityGlobals) = postSolution
		SolutionGuid = {0D0AAC67-96D8-42D2-9065-CC8091AC0623}
	EndGlobalSection
EndGlobal
